Microsoft Visual Studio Solution File, Format Version 12.00
# Visual Studio Version 17
VisualStudioVersion = 17.5.2.0
MinimumVisualStudioVersion = 10.0.40219.1
Project("{FAE04EC0-301F-11D3-BF4B-00C04F79EFBC}") = "GoldInrOpenIntrest.Api", "GoldInrOpenIntrest.Api.csproj", "{BB33B7EE-7E37-3D05-8DB7-3BCC660F2E70}"
EndProject
Global
	GlobalSection(SolutionConfigurationPlatforms) = preSolution
		Debug|Any CPU = Debug|Any CPU
		Release|Any CPU = Release|Any CPU
	EndGlobalSection
	GlobalSection(ProjectConfigurationPlatforms) = postSolution
		{BB33B7EE-7E37-3D05-8DB7-3BCC660F2E70}.Debug|Any CPU.ActiveCfg = Debug|Any CPU
		{BB33B7EE-7E37-3D05-8DB7-3BCC660F2E70}.Debug|Any CPU.Build.0 = Debug|Any CPU
		{BB33B7EE-7E37-3D05-8DB7-3BCC660F2E70}.Release|Any CPU.ActiveCfg = Release|Any CPU
		{BB33B7EE-7E37-3D05-8DB7-3BCC660F2E70}.Release|Any CPU.Build.0 = Release|Any CPU
	EndGlobalSection
	GlobalSection(SolutionProperties) = preSolution
		HideSolutionNode = FALSE
	EndGlobalSection
	GlobalSection(ExtensibilityGlobals) = postSolution
		SolutionGuid = {335E9DF1-6F03-4D2F-86DA-C7DF22C895B3}
	EndGlobalSection
EndGlobal
